
Microsoft Visual Studio Solution File, Format Version 12.00
# Visual Studio Version 17
VisualStudioVersion = 17.7.34003.232
MinimumVisualStudioVersion = 10.0.40219.1
Project("{FAE04EC0-301F-11D3-BF4B-00C04F79EFBC}") = "SampleNetCoreWebAPI", "SampleNetCoreWebAPI\SampleNetCoreWebAPI.csproj", "{1861A1A6-C1B7-4AF4-B64E-BF4604D84ED4}"
EndProject
Global
	GlobalSection(SolutionConfigurationPlatforms) = preSolution
		Debug|Any CPU = Debug|Any CPU
		Release|Any CPU = Release|Any CPU
	EndGlobalSection
	GlobalSection(ProjectConfigurationPlatforms) = postSolution
		{1861A1A6-C1B7-4AF4-B64E-BF4604D84ED4}.Debug|Any CPU.ActiveCfg = Debug|Any CPU
		{1861A1A6-C1B7-4AF4-B64E-BF4604D84ED4}.Debug|Any CPU.Build.0 = Debug|Any CPU
		{1861A1A6-C1B7-4AF4-B64E-BF4604D84ED4}.Release|Any CPU.ActiveCfg = Release|Any CPU
		{1861A1A6-C1B7-4AF4-B64E-BF4604D84ED4}.Release|Any CPU.Build.0 = Release|Any CPU
	EndGlobalSection
	GlobalSection(SolutionProperties) = preSolution
		HideSolutionNode = FALSE
	EndGlobalSection
	GlobalSection(ExtensibilityGlobals) = postSolution
		SolutionGuid = {3A4967F6-153C-4EB8-B3AC-3F324D2DF953}
	EndGlobalSection
EndGlobal
